// !$*UTF8*$!
{
	archiveVersion = 1;
	classes = {
	};
	objectVersion = 50;
	objects = {

/* Begin PBXBuildFile section */
		21E8FC64B82AE2374F141EBC23101CF3 /* LaunchScreen.storyboard in Resources */ = {isa = PBXBuildFile; fileRef = 9DA658DA0177C0D44CC2E4FD91A74535 /* LaunchScreen.storyboard */; };
		25C77BBC0DC41018CBA032FD93214106 /* Main.storyboard in Resources */ = {isa = PBXBuildFile; fileRef = 9E30D72D8AF63481556E8B138F7A5F97 /* Main.storyboard */; };
		371FDD456A0ACF8ED497AC24 /* Pods_MeetupXExample.framework in Frameworks */ = {isa = PBXBuildFile; fileRef = 50E386758FDFC4E221BEFBAE /* Pods_MeetupXExample.framework */; };
		824773297CA6A625160351DAAC871AC5 /* ViewController.swift in Sources */ = {isa = PBXBuildFile; fileRef = A137CBFD056849496A24B3D2CEFF2DDB /* ViewController.swift */; };
		BC98335122021FFE005F691B /* mytemplate.stencil in Resources */ = {isa = PBXBuildFile; fileRef = BC98335022021FFE005F691B /* mytemplate.stencil */; };
		BC9833532202206C005F691B /* User.swift in Sources */ = {isa = PBXBuildFile; fileRef = BC9833522202206C005F691B /* User.swift */; };
		BC98335A2202C7F4005F691B /* mytemplate.generated.swift in Sources */ = {isa = PBXBuildFile; fileRef = BC9833592202C7F4005F691B /* mytemplate.generated.swift */; };
		C0BA2AA72CBB51AD7146EB98FF300E13 /* AppDelegate.swift in Sources */ = {isa = PBXBuildFile; fileRef = 8DE37AAEC843817DB109E5CDC533E585 /* AppDelegate.swift */; };
		C56705D7A66691B3B0D6B3C6D20AB41C /* Assets.xcassets in Resources */ = {isa = PBXBuildFile; fileRef = 672FAA05A5EB8A4B248FA6F5D8007F0D /* Assets.xcassets */; };
/* End PBXBuildFile section */

/* Begin PBXBuildRule section */
		BC98335822022364005F691B /* PBXBuildRule */ = {
			isa = PBXBuildRule;
			compilerSpec = com.apple.compilers.proxy.script;
			fileType = pattern.proxy;
			isEditable = 1;
			outputFiles = (
			);
			script = "# Type a script or drag a script file from your workspace to insert its path.\n";
		};
/* End PBXBuildRule section */

/* Begin PBXFileReference section */
		4A89CCEB7E843C638FA68932B5F12275 /* Base */ = {isa = PBXFileReference; lastKnownFileType = file.storyboard; name = Base; path = Base.lproj/Main.storyboard; sourceTree = "<group>"; };
		50E386758FDFC4E221BEFBAE /* Pods_MeetupXExample.framework */ = {isa = PBXFileReference; explicitFileType = wrapper.framework; includeInIndex = 0; path = Pods_MeetupXExample.framework; sourceTree = BUILT_PRODUCTS_DIR; };
		5D2F4298B136A96948BC0B57 /* Pods-MeetupXExample.release.xcconfig */ = {isa = PBXFileReference; includeInIndex = 1; lastKnownFileType = text.xcconfig; name = "Pods-MeetupXExample.release.xcconfig"; path = "Pods/Target Support Files/Pods-MeetupXExample/Pods-MeetupXExample.release.xcconfig"; sourceTree = "<group>"; };
		5D47F49A5819A0541C42E7633B4F2D57 /* MeetupXExample.app */ = {isa = PBXFileReference; explicitFileType = wrapper.application; includeInIndex = 0; path = MeetupXExample.app; sourceTree = BUILT_PRODUCTS_DIR; };
		672FAA05A5EB8A4B248FA6F5D8007F0D /* Assets.xcassets */ = {isa = PBXFileReference; lastKnownFileType = folder.assetcatalog; path = Assets.xcassets; sourceTree = "<group>"; };
		8791F6F6DEAD221E57CD269E8254233F /* Info.plist */ = {isa = PBXFileReference; lastKnownFileType = text.plist.xml; path = Info.plist; sourceTree = "<group>"; };
		8DE37AAEC843817DB109E5CDC533E585 /* AppDelegate.swift */ = {isa = PBXFileReference; lastKnownFileType = sourcecode.swift; path = AppDelegate.swift; sourceTree = "<group>"; };
		A137CBFD056849496A24B3D2CEFF2DDB /* ViewController.swift */ = {isa = PBXFileReference; lastKnownFileType = sourcecode.swift; path = ViewController.swift; sourceTree = "<group>"; };
		BC98335022021FFE005F691B /* mytemplate.stencil */ = {isa = PBXFileReference; fileEncoding = 4; lastKnownFileType = text; path = mytemplate.stencil; sourceTree = "<group>"; };
		BC9833522202206C005F691B /* User.swift */ = {isa = PBXFileReference; lastKnownFileType = sourcecode.swift; path = User.swift; sourceTree = "<group>"; };
		BC9833592202C7F4005F691B /* mytemplate.generated.swift */ = {isa = PBXFileReference; fileEncoding = 4; lastKnownFileType = sourcecode.swift; path = mytemplate.generated.swift; sourceTree = "<group>"; };
		C96120FC3CD2F8EF650B31F1 /* Pods-MeetupXExample.debug.xcconfig */ = {isa = PBXFileReference; includeInIndex = 1; lastKnownFileType = text.xcconfig; name = "Pods-MeetupXExample.debug.xcconfig"; path = "Pods/Target Support Files/Pods-MeetupXExample/Pods-MeetupXExample.debug.xcconfig"; sourceTree = "<group>"; };
		F68CD2A3BE35056BE4A5A05A020EA38F /* Base */ = {isa = PBXFileReference; lastKnownFileType = file.storyboard; name = Base; path = Base.lproj/LaunchScreen.storyboard; sourceTree = "<group>"; };
/* End PBXFileReference section */

/* Begin PBXFrameworksBuildPhase section */
		B9B4EB7FCC6D8EC28CFF51FA /* Frameworks */ = {
			isa = PBXFrameworksBuildPhase;
			buildActionMask = 2147483647;
			files = (
				371FDD456A0ACF8ED497AC24 /* Pods_MeetupXExample.framework in Frameworks */,
			);
			runOnlyForDeploymentPostprocessing = 0;
		};
/* End PBXFrameworksBuildPhase section */

/* Begin PBXGroup section */
		19EC88FB2D20EDF196987DC2E4E41822 /* Products */ = {
			isa = PBXGroup;
			children = (
				5D47F49A5819A0541C42E7633B4F2D57 /* MeetupXExample.app */,
			);
			name = Products;
			sourceTree = "<group>";
		};
		294FA033FE56637420156439DDB968A6 = {
			isa = PBXGroup;
			children = (
				D40C584B7C20D45A17F1F9070688A078 /* TestProject */,
				19EC88FB2D20EDF196987DC2E4E41822 /* Products */,
				6A388D977E93B614CDAB3C53 /* Pods */,
				5EAEA0E43BE5EE8CADD49D04 /* Frameworks */,
			);
			sourceTree = "<group>";
		};
		5EAEA0E43BE5EE8CADD49D04 /* Frameworks */ = {
			isa = PBXGroup;
			children = (
				50E386758FDFC4E221BEFBAE /* Pods_MeetupXExample.framework */,
			);
			name = Frameworks;
			sourceTree = "<group>";
		};
		6A388D977E93B614CDAB3C53 /* Pods */ = {
			isa = PBXGroup;
			children = (
				C96120FC3CD2F8EF650B31F1 /* Pods-MeetupXExample.debug.xcconfig */,
				5D2F4298B136A96948BC0B57 /* Pods-MeetupXExample.release.xcconfig */,
			);
			name = Pods;
			sourceTree = "<group>";
		};
		BC98334F22021F71005F691B /* SourcesTest */ = {
			isa = PBXGroup;
			children = (
				BC9833592202C7F4005F691B /* mytemplate.generated.swift */,
				BC98335022021FFE005F691B /* mytemplate.stencil */,
			);
			path = SourcesTest;
			sourceTree = "<group>";
		};
		D40C584B7C20D45A17F1F9070688A078 /* TestProject */ = {
			isa = PBXGroup;
			children = (
				BC98334F22021F71005F691B /* SourcesTest */,
				8DE37AAEC843817DB109E5CDC533E585 /* AppDelegate.swift */,
				672FAA05A5EB8A4B248FA6F5D8007F0D /* Assets.xcassets */,
				8791F6F6DEAD221E57CD269E8254233F /* Info.plist */,
				9DA658DA0177C0D44CC2E4FD91A74535 /* LaunchScreen.storyboard */,
				9E30D72D8AF63481556E8B138F7A5F97 /* Main.storyboard */,
				A137CBFD056849496A24B3D2CEFF2DDB /* ViewController.swift */,
				BC9833522202206C005F691B /* User.swift */,
			);
			path = TestProject;
			sourceTree = "<group>";
		};
/* End PBXGroup section */

/* Begin PBXNativeTarget section */
		FCD511D885EB8B0C6DCC9980AE3DC73C /* MeetupXExample */ = {
			isa = PBXNativeTarget;
			buildConfigurationList = 0D7C552AEBCCDB4ACAF512E59A8D8D2C /* Build configuration list for PBXNativeTarget "MeetupXExample" */;
			buildPhases = (
				C33BA75BF0058B4696391881 /* [CP] Check Pods Manifest.lock */,
				BC98334E22021F1D005F691B /* Sourcery */,
				AA6C34F6BFB002842A3CEDC395D87078 /* Sources */,
				FABBDA179FEA7F96BDE9B46252D3E444 /* Resources */,
				B9B4EB7FCC6D8EC28CFF51FA /* Frameworks */,
				9690076CFB146AE67B4802D9 /* [CP] Embed Pods Frameworks */,
			);
			buildRules = (
				BC98335822022364005F691B /* PBXBuildRule */,
			);
			dependencies = (
			);
			name = MeetupXExample;
			productName = MeetupXExample;
			productReference = 5D47F49A5819A0541C42E7633B4F2D57 /* MeetupXExample.app */;
			productType = "com.apple.product-type.application";
		};
/* End PBXNativeTarget section */

/* Begin PBXProject section */
		6187C1BAC355EB7DE7842BB1511C42E5 /* Project object */ = {
			isa = PBXProject;
			attributes = {
				LastUpgradeCheck = 1000;
			};
			buildConfigurationList = 3E0D3CADCEA09C9AF1A80125F1698817 /* Build configuration list for PBXProject "MeetupXExample" */;
			compatibilityVersion = "Xcode 9.3";
			developmentRegion = en;
			hasScannedForEncodings = 0;
			knownRegions = (
				Base,
			);
			mainGroup = 294FA033FE56637420156439DDB968A6;
			productRefGroup = 19EC88FB2D20EDF196987DC2E4E41822 /* Products */;
			projectDirPath = "";
			projectRoot = "";
			targets = (
				FCD511D885EB8B0C6DCC9980AE3DC73C /* MeetupXExample */,
			);
		};
/* End PBXProject section */

/* Begin PBXResourcesBuildPhase section */
		FABBDA179FEA7F96BDE9B46252D3E444 /* Resources */ = {
			isa = PBXResourcesBuildPhase;
			buildActionMask = 2147483647;
			files = (
				BC98335122021FFE005F691B /* mytemplate.stencil in Resources */,
				C56705D7A66691B3B0D6B3C6D20AB41C /* Assets.xcassets in Resources */,
				21E8FC64B82AE2374F141EBC23101CF3 /* LaunchScreen.storyboard in Resources */,
				25C77BBC0DC41018CBA032FD93214106 /* Main.storyboard in Resources */,
			);
			runOnlyForDeploymentPostprocessing = 0;
		};
/* End PBXResourcesBuildPhase section */

/* Begin PBXShellScriptBuildPhase section */
		9690076CFB146AE67B4802D9 /* [CP] Embed Pods Frameworks */ = {
			isa = PBXShellScriptBuildPhase;
			buildActionMask = 2147483647;
			files = (
			);
			inputFileListPaths = (
			);
			inputPaths = (
				"${SRCROOT}/Pods/Target Support Files/Pods-MeetupXExample/Pods-MeetupXExample-frameworks.sh",
				"${BUILT_PRODUCTS_DIR}/ObjectMapper/ObjectMapper.framework",
			);
			name = "[CP] Embed Pods Frameworks";
			outputFileListPaths = (
			);
			outputPaths = (
				"${TARGET_BUILD_DIR}/${FRAMEWORKS_FOLDER_PATH}/ObjectMapper.framework",
			);
			runOnlyForDeploymentPostprocessing = 0;
			shellPath = /bin/sh;
			shellScript = "\"${SRCROOT}/Pods/Target Support Files/Pods-MeetupXExample/Pods-MeetupXExample-frameworks.sh\"\n";
			showEnvVarsInLog = 0;
		};
		BC98334E22021F1D005F691B /* Sourcery */ = {
			isa = PBXShellScriptBuildPhase;
			buildActionMask = 2147483647;
			files = (
			);
			inputFileListPaths = (
			);
			inputPaths = (
			);
			name = Sourcery;
			outputFileListPaths = (
			);
			outputPaths = (
			);
			runOnlyForDeploymentPostprocessing = 0;
			shellPath = /bin/sh;
			shellScript = "sourcery --sources $PROJECT_DIR/TestProject/ --templates $PROJECT_DIR/TestProject/SourcesTest --output $PROJECT_DIR/TestProject/SourcesTest\n\n";
		};
		C33BA75BF0058B4696391881 /* [CP] Check Pods Manifest.lock */ = {
			isa = PBXShellScriptBuildPhase;
			buildActionMask = 2147483647;
			files = (
			);
			inputFileListPaths = (
			);
			inputPaths = (
				"${PODS_PODFILE_DIR_PATH}/Podfile.lock",
				"${PODS_ROOT}/Manifest.lock",
			);
			name = "[CP] Check Pods Manifest.lock";
			outputFileListPaths = (
			);
			outputPaths = (
				"$(DERIVED_FILE_DIR)/Pods-MeetupXExample-checkManifestLockResult.txt",
			);
			runOnlyForDeploymentPostprocessing = 0;
			shellPath = /bin/sh;
			shellScript = "diff \"${PODS_PODFILE_DIR_PATH}/Podfile.lock\" \"${PODS_ROOT}/Manifest.lock\" > /dev/null\nif [ $? != 0 ] ; then\n    # print error to STDERR\n    echo \"error: The sandbox is not in sync with the Podfile.lock. Run 'pod install' or update your CocoaPods installation.\" >&2\n    exit 1\nfi\n# This output is used by Xcode 'outputs' to avoid re-running this script phase.\necho \"SUCCESS\" > \"${SCRIPT_OUTPUT_FILE_0}\"\n";
			showEnvVarsInLog = 0;
		};
/* End PBXShellScriptBuildPhase section */

/* Begin PBXSourcesBuildPhase section */
		AA6C34F6BFB002842A3CEDC395D87078 /* Sources */ = {
			isa = PBXSourcesBuildPhase;
			buildActionMask = 2147483647;
			files = (
				BC98335A2202C7F4005F691B /* mytemplate.generated.swift in Sources */,
				C0BA2AA72CBB51AD7146EB98FF300E13 /* AppDelegate.swift in Sources */,
				824773297CA6A625160351DAAC871AC5 /* ViewController.swift in Sources */,
				BC9833532202206C005F691B /* User.swift in Sources */,
			);
			runOnlyForDeploymentPostprocessing = 0;
		};
/* End PBXSourcesBuildPhase section */

/* Begin PBXVariantGroup section */
		9DA658DA0177C0D44CC2E4FD91A74535 /* LaunchScreen.storyboard */ = {
			isa = PBXVariantGroup;
			children = (
				F68CD2A3BE35056BE4A5A05A020EA38F /* Base */,
			);
			name = LaunchScreen.storyboard;
			sourceTree = "<group>";
		};
		9E30D72D8AF63481556E8B138F7A5F97 /* Main.storyboard */ = {
			isa = PBXVariantGroup;
			children = (
				4A89CCEB7E843C638FA68932B5F12275 /* Base */,
			);
			name = Main.storyboard;
			sourceTree = "<group>";
		};
/* End PBXVariantGroup section */

/* Begin XCBuildConfiguration section */
		146A96E02442F2E2DCBDFF2A4BB6619D /* Debug */ = {
			isa = XCBuildConfiguration;
			buildSettings = {
				ALWAYS_SEARCH_USER_PATHS = NO;
				CLANG_ANALYZER_NONNULL = YES;
				CLANG_ANALYZER_NUMBER_OBJECT_CONVERSION = YES_AGGRESSIVE;
				CLANG_CXX_LANGUAGE_STANDARD = "gnu++14";
				CLANG_CXX_LIBRARY = "libc++";
				CLANG_ENABLE_MODULES = YES;
				CLANG_ENABLE_OBJC_ARC = YES;
				CLANG_WARN_BLOCK_CAPTURE_AUTORELEASING = YES;
				CLANG_WARN_BOOL_CONVERSION = YES;
				CLANG_WARN_COMMA = YES;
				CLANG_WARN_CONSTANT_CONVERSION = YES;
				CLANG_WARN_DEPRECATED_OBJC_IMPLEMENTATIONS = YES;
				CLANG_WARN_DIRECT_OBJC_ISA_USAGE = YES_ERROR;
				CLANG_WARN_DOCUMENTATION_COMMENTS = YES;
				CLANG_WARN_EMPTY_BODY = YES;
				CLANG_WARN_ENUM_CONVERSION = YES;
				CLANG_WARN_INFINITE_RECURSION = YES;
				CLANG_WARN_INT_CONVERSION = YES;
				CLANG_WARN_NON_LITERAL_NULL_CONVERSION = YES;
				CLANG_WARN_OBJC_IMPLICIT_RETAIN_SELF = YES;
				CLANG_WARN_OBJC_LITERAL_CONVERSION = YES;
				CLANG_WARN_OBJC_ROOT_CLASS = YES_ERROR;
				CLANG_WARN_RANGE_LOOP_ANALYSIS = YES;
				CLANG_WARN_STRICT_PROTOTYPES = YES;
				CLANG_WARN_SUSPICIOUS_MOVE = YES;
				CLANG_WARN_UNGUARDED_AVAILABILITY = YES_AGGRESSIVE;
				CLANG_WARN_UNREACHABLE_CODE = YES;
				CLANG_WARN__DUPLICATE_METHOD_MATCH = YES;
				COPY_PHASE_STRIP = NO;
				DEBUG_INFORMATION_FORMAT = dwarf;
				ENABLE_STRICT_OBJC_MSGSEND = YES;
				ENABLE_TESTABILITY = YES;
				GCC_C_LANGUAGE_STANDARD = gnu11;
				GCC_DYNAMIC_NO_PIC = NO;
				GCC_NO_COMMON_BLOCKS = YES;
				GCC_OPTIMIZATION_LEVEL = 0;
				GCC_PREPROCESSOR_DEFINITIONS = (
					"$(inherited)",
					"DEBUG=1",
				);
				GCC_WARN_64_TO_32_BIT_CONVERSION = YES;
				GCC_WARN_ABOUT_RETURN_TYPE = YES_ERROR;
				GCC_WARN_UNDECLARED_SELECTOR = YES;
				GCC_WARN_UNINITIALIZED_AUTOS = YES_AGGRESSIVE;
				GCC_WARN_UNUSED_FUNCTION = YES;
				GCC_WARN_UNUSED_VARIABLE = YES;
				MTL_ENABLE_DEBUG_INFO = YES;
				ONLY_ACTIVE_ARCH = YES;
				PRODUCT_NAME = "$(TARGET_NAME)";
				SDKROOT = iphoneos;
				SWIFT_ACTIVE_COMPILATION_CONDITIONS = DEBUG;
				SWIFT_OPTIMIZATION_LEVEL = "-Onone";
				SWIFT_VERSION = 4.2;
			};
			name = Debug;
		};
		7FB1F31DE025073BEE000599483F7E62 /* Debug */ = {
			isa = XCBuildConfiguration;
			baseConfigurationReference = C96120FC3CD2F8EF650B31F1 /* Pods-MeetupXExample.debug.xcconfig */;
			buildSettings = {
				ALWAYS_EMBED_SWIFT_STANDARD_LIBRARIES = YES;
				ASSETCATALOG_COMPILER_APPICON_NAME = AppIcon;
				CODE_SIGN_IDENTITY = "iPhone Developer";
				INFOPLIST_FILE = TestProject/Info.plist;
				IPHONEOS_DEPLOYMENT_TARGET = 12.1;
				LD_RUNPATH_SEARCH_PATHS = (
					"$(inherited)",
					"@executable_path/Frameworks",
				);
				PRODUCT_BUNDLE_IDENTIFIER = com.agexample.MeetupXExample;
				SDKROOT = iphoneos;
				TARGETED_DEVICE_FAMILY = "1,2";
			};
			name = Debug;
		};
		9087C65DA1B55EAF4B31C5B907EBC697 /* Release */ = {
			isa = XCBuildConfiguration;
			baseConfigurationReference = 5D2F4298B136A96948BC0B57 /* Pods-MeetupXExample.release.xcconfig */;
			buildSettings = {
				ALWAYS_EMBED_SWIFT_STANDARD_LIBRARIES = YES;
				ASSETCATALOG_COMPILER_APPICON_NAME = AppIcon;
				CODE_SIGN_IDENTITY = "iPhone Developer";
				INFOPLIST_FILE = TestProject/Info.plist;
				IPHONEOS_DEPLOYMENT_TARGET = 12.1;
				LD_RUNPATH_SEARCH_PATHS = (
					"$(inherited)",
					"@executable_path/Frameworks",
				);
				PRODUCT_BUNDLE_IDENTIFIER = com.agexample.MeetupXExample;
				SDKROOT = iphoneos;
				TARGETED_DEVICE_FAMILY = "1,2";
			};
			name = Release;
		};
		D9B427EACF16743E2681E528CF69DD03 /* Release */ = {
			isa = XCBuildConfiguration;
			buildSettings = {
				ALWAYS_SEARCH_USER_PATHS = NO;
				CLANG_ANALYZER_NONNULL = YES;
				CLANG_ANALYZER_NUMBER_OBJECT_CONVERSION = YES_AGGRESSIVE;
				CLANG_CXX_LANGUAGE_STANDARD = "gnu++14";
				CLANG_CXX_LIBRARY = "libc++";
				CLANG_ENABLE_MODULES = YES;
				CLANG_ENABLE_OBJC_ARC = YES;
				CLANG_WARN_BLOCK_CAPTURE_AUTORELEASING = YES;
				CLANG_WARN_BOOL_CONVERSION = YES;
				CLANG_WARN_COMMA = YES;
				CLANG_WARN_CONSTANT_CONVERSION = YES;
				CLANG_WARN_DEPRECATED_OBJC_IMPLEMENTATIONS = YES;
				CLANG_WARN_DIRECT_OBJC_ISA_USAGE = YES_ERROR;
				CLANG_WARN_DOCUMENTATION_COMMENTS = YES;
				CLANG_WARN_EMPTY_BODY = YES;
				CLANG_WARN_ENUM_CONVERSION = YES;
				CLANG_WARN_INFINITE_RECURSION = YES;
				CLANG_WARN_INT_CONVERSION = YES;
				CLANG_WARN_NON_LITERAL_NULL_CONVERSION = YES;
				CLANG_WARN_OBJC_IMPLICIT_RETAIN_SELF = YES;
				CLANG_WARN_OBJC_LITERAL_CONVERSION = YES;
				CLANG_WARN_OBJC_ROOT_CLASS = YES_ERROR;
				CLANG_WARN_RANGE_LOOP_ANALYSIS = YES;
				CLANG_WARN_STRICT_PROTOTYPES = YES;
				CLANG_WARN_SUSPICIOUS_MOVE = YES;
				CLANG_WARN_UNGUARDED_AVAILABILITY = YES_AGGRESSIVE;
				CLANG_WARN_UNREACHABLE_CODE = YES;
				CLANG_WARN__DUPLICATE_METHOD_MATCH = YES;
				COPY_PHASE_STRIP = NO;
				DEBUG_INFORMATION_FORMAT = "dwarf-with-dsym";
				ENABLE_NS_ASSERTIONS = NO;
				ENABLE_STRICT_OBJC_MSGSEND = YES;
				GCC_C_LANGUAGE_STANDARD = gnu11;
				GCC_NO_COMMON_BLOCKS = YES;
				GCC_WARN_64_TO_32_BIT_CONVERSION = YES;
				GCC_WARN_ABOUT_RETURN_TYPE = YES_ERROR;
				GCC_WARN_UNDECLARED_SELECTOR = YES;
				GCC_WARN_UNINITIALIZED_AUTOS = YES_AGGRESSIVE;
				GCC_WARN_UNUSED_FUNCTION = YES;
				GCC_WARN_UNUSED_VARIABLE = YES;
				PRODUCT_NAME = "$(TARGET_NAME)";
				SDKROOT = iphoneos;
				SWIFT_OPTIMIZATION_LEVEL = "-Owholemodule";
				SWIFT_VERSION = 4.2;
				VALIDATE_PRODUCT = YES;
			};
			name = Release;
		};
/* End XCBuildConfiguration section */

/* Begin XCConfigurationList section */
		0D7C552AEBCCDB4ACAF512E59A8D8D2C /* Build configuration list for PBXNativeTarget "MeetupXExample" */ = {
			isa = XCConfigurationList;
			buildConfigurations = (
				7FB1F31DE025073BEE000599483F7E62 /* Debug */,
				9087C65DA1B55EAF4B31C5B907EBC697 /* Release */,
			);
			defaultConfigurationIsVisible = 0;
			defaultConfigurationName = "";
		};
		3E0D3CADCEA09C9AF1A80125F1698817 /* Build configuration list for PBXProject "MeetupXExample" */ = {
			isa = XCConfigurationList;
			buildConfigurations = (
				146A96E02442F2E2DCBDFF2A4BB6619D /* Debug */,
				D9B427EACF16743E2681E528CF69DD03 /* Release */,
			);
			defaultConfigurationIsVisible = 0;
			defaultConfigurationName = Debug;
		};
/* End XCConfigurationList section */
	};
	rootObject = 6187C1BAC355EB7DE7842BB1511C42E5 /* Project object */;
}
